// !$*UTF8*$!
{
	archiveVersion = 1;
	classes = {
	};
	objectVersion = 50;
	objects = {

/* Begin PBXBuildFile section */
		9E7136DE25C0B275002C8538 /* RecursiveTextField.swift in Sources */ = {isa = PBXBuildFile; fileRef = 9EC31D1025BB8BCC002BAB77 /* RecursiveTextField.swift */; };
		9E7136E625C0B678002C8538 /* ContentView.swift in Sources */ = {isa = PBXBuildFile; fileRef = 9E7136E325C0B665002C8538 /* ContentView.swift */; };
		9E7136EB25C0B6D4002C8538 /* ContentView.swift in Sources */ = {isa = PBXBuildFile; fileRef = 9E7136E325C0B665002C8538 /* ContentView.swift */; };
		9E7136FD25C0BE81002C8538 /* Assets.xcassets in Resources */ = {isa = PBXBuildFile; fileRef = 9EEFD1E425B799D4006C416A /* Assets.xcassets */; };
		9EEFD1E125B799BE006C416A /* AutoRefersherApp.swift in Sources */ = {isa = PBXBuildFile; fileRef = 9EEFD1E025B799BE006C416A /* AutoRefersherApp.swift */; };
		9EEFD1E525B799D4006C416A /* Assets.xcassets in Resources */ = {isa = PBXBuildFile; fileRef = 9EEFD1E425B799D4006C416A /* Assets.xcassets */; };
		9EEFD1E825B799D4006C416A /* Preview Assets.xcassets in Resources */ = {isa = PBXBuildFile; fileRef = 9EEFD1E725B799D4006C416A /* Preview Assets.xcassets */; };
		DE3DA34F25BDD8E300DD63D3 /* AppDelegate.swift in Sources */ = {isa = PBXBuildFile; fileRef = DE3DA34E25BDD8E300DD63D3 /* AppDelegate.swift */; };
		DE3DA35925BDD8E400DD63D3 /* Main.storyboard in Resources */ = {isa = PBXBuildFile; fileRef = DE3DA35725BDD8E400DD63D3 /* Main.storyboard */; };
		DE3DA36C25BDD94C00DD63D3 /* RecursiveTextField.swift in Sources */ = {isa = PBXBuildFile; fileRef = 9EC31D1025BB8BCC002BAB77 /* RecursiveTextField.swift */; };
/* End PBXBuildFile section */

/* Begin PBXFileReference section */
		9E7136E325C0B665002C8538 /* ContentView.swift */ = {isa = PBXFileReference; lastKnownFileType = sourcecode.swift; path = ContentView.swift; sourceTree = "<group>"; };
		9EC31D1025BB8BCC002BAB77 /* RecursiveTextField.swift */ = {isa = PBXFileReference; lastKnownFileType = sourcecode.swift; path = RecursiveTextField.swift; sourceTree = "<group>"; };
		9EEFD1DD25B799BE006C416A /* Auto Refersher.app */ = {isa = PBXFileReference; explicitFileType = wrapper.application; includeInIndex = 0; path = "Auto Refersher.app"; sourceTree = BUILT_PRODUCTS_DIR; };
		9EEFD1E025B799BE006C416A /* AutoRefersherApp.swift */ = {isa = PBXFileReference; lastKnownFileType = sourcecode.swift; path = AutoRefersherApp.swift; sourceTree = "<group>"; };
		9EEFD1E425B799D4006C416A /* Assets.xcassets */ = {isa = PBXFileReference; lastKnownFileType = folder.assetcatalog; path = Assets.xcassets; sourceTree = "<group>"; };
		9EEFD1E725B799D4006C416A /* Preview Assets.xcassets */ = {isa = PBXFileReference; lastKnownFileType = folder.assetcatalog; path = "Preview Assets.xcassets"; sourceTree = "<group>"; };
		9EEFD1E925B799D4006C416A /* Info.plist */ = {isa = PBXFileReference; lastKnownFileType = text.plist.xml; path = Info.plist; sourceTree = "<group>"; };
		9EEFD1EA25B799D4006C416A /* AutoRefersher.entitlements */ = {isa = PBXFileReference; lastKnownFileType = text.plist.entitlements; path = AutoRefersher.entitlements; sourceTree = "<group>"; };
		DE3DA34C25BDD8E200DD63D3 /* Auto Refresher-10.15.app */ = {isa = PBXFileReference; explicitFileType = wrapper.application; includeInIndex = 0; path = "Auto Refresher-10.15.app"; sourceTree = BUILT_PRODUCTS_DIR; };
		DE3DA34E25BDD8E300DD63D3 /* AppDelegate.swift */ = {isa = PBXFileReference; lastKnownFileType = sourcecode.swift; path = AppDelegate.swift; sourceTree = "<group>"; };
		DE3DA35525BDD8E400DD63D3 /* Preview Assets.xcassets */ = {isa = PBXFileReference; lastKnownFileType = folder.assetcatalog; path = "Preview Assets.xcassets"; sourceTree = "<group>"; };
		DE3DA35825BDD8E400DD63D3 /* Base */ = {isa = PBXFileReference; lastKnownFileType = file.storyboard; name = Base; path = Base.lproj/Main.storyboard; sourceTree = "<group>"; };
		DE3DA35A25BDD8E400DD63D3 /* Info.plist */ = {isa = PBXFileReference; lastKnownFileType = text.plist.xml; path = Info.plist; sourceTree = "<group>"; };
		DE3DA35B25BDD8E400DD63D3 /* Auto_Refresher_10_15.entitlements */ = {isa = PBXFileReference; lastKnownFileType = text.plist.entitlements; path = Auto_Refresher_10_15.entitlements; sourceTree = "<group>"; };
/* End PBXFileReference section */

/* Begin PBXFrameworksBuildPhase section */
		9EEFD1DA25B799BE006C416A /* Frameworks */ = {
			isa = PBXFrameworksBuildPhase;
			buildActionMask = 2147483647;
			files = (
			);
			runOnlyForDeploymentPostprocessing = 0;
		};
		DE3DA34925BDD8E200DD63D3 /* Frameworks */ = {
			isa = PBXFrameworksBuildPhase;
			buildActionMask = 2147483647;
			files = (
			);
			runOnlyForDeploymentPostprocessing = 0;
		};
/* End PBXFrameworksBuildPhase section */

/* Begin PBXGroup section */
		9EEFD1D425B799BD006C416A = {
			isa = PBXGroup;
			children = (
				9EEFD1DF25B799BE006C416A /* AutoRefersher */,
				DE3DA34D25BDD8E300DD63D3 /* Auto Refresher-10.15 */,
				9EEFD1DE25B799BE006C416A /* Products */,
			);
			sourceTree = "<group>";
		};
		9EEFD1DE25B799BE006C416A /* Products */ = {
			isa = PBXGroup;
			children = (
				9EEFD1DD25B799BE006C416A /* Auto Refersher.app */,
				DE3DA34C25BDD8E200DD63D3 /* Auto Refresher-10.15.app */,
			);
			name = Products;
			sourceTree = "<group>";
		};
		9EEFD1DF25B799BE006C416A /* AutoRefersher */ = {
			isa = PBXGroup;
			children = (
				9EC31D1025BB8BCC002BAB77 /* RecursiveTextField.swift */,
				9EEFD1E025B799BE006C416A /* AutoRefersherApp.swift */,
				9E7136E325C0B665002C8538 /* ContentView.swift */,
				9EEFD1E925B799D4006C416A /* Info.plist */,
				9EEFD1E425B799D4006C416A /* Assets.xcassets */,
				9EEFD1EA25B799D4006C416A /* AutoRefersher.entitlements */,
				9EEFD1E625B799D4006C416A /* Preview Content */,
			);
			path = AutoRefersher;
			sourceTree = "<group>";
		};
		9EEFD1E625B799D4006C416A /* Preview Content */ = {
			isa = PBXGroup;
			children = (
				9EEFD1E725B799D4006C416A /* Preview Assets.xcassets */,
			);
			path = "Preview Content";
			sourceTree = "<group>";
		};
		DE3DA34D25BDD8E300DD63D3 /* Auto Refresher-10.15 */ = {
			isa = PBXGroup;
			children = (
				DE3DA34E25BDD8E300DD63D3 /* AppDelegate.swift */,
				DE3DA35725BDD8E400DD63D3 /* Main.storyboard */,
				DE3DA35A25BDD8E400DD63D3 /* Info.plist */,
				DE3DA35B25BDD8E400DD63D3 /* Auto_Refresher_10_15.entitlements */,
				DE3DA35425BDD8E400DD63D3 /* Preview Content */,
			);
			path = "Auto Refresher-10.15";
			sourceTree = "<group>";
		};
		DE3DA35425BDD8E400DD63D3 /* Preview Content */ = {
			isa = PBXGroup;
			children = (
				DE3DA35525BDD8E400DD63D3 /* Preview Assets.xcassets */,
			);
			path = "Preview Content";
			sourceTree = "<group>";
		};
/* End PBXGroup section */

/* Begin PBXNativeTarget section */
		9EEFD1DC25B799BE006C416A /* Auto Refersher */ = {
			isa = PBXNativeTarget;
			buildConfigurationList = 9EEFD1ED25B799D4006C416A /* Build configuration list for PBXNativeTarget "Auto Refersher" */;
			buildPhases = (
				9EEFD1D925B799BE006C416A /* Sources */,
				9EEFD1DA25B799BE006C416A /* Frameworks */,
				9EEFD1DB25B799BE006C416A /* Resources */,
			);
			buildRules = (
			);
			dependencies = (
			);
			name = "Auto Refersher";
			productName = AutoRefersher;
			productReference = 9EEFD1DD25B799BE006C416A /* Auto Refersher.app */;
			productType = "com.apple.product-type.application";
		};
		DE3DA34B25BDD8E200DD63D3 /* Auto Refresher-10.15 */ = {
			isa = PBXNativeTarget;
			buildConfigurationList = DE3DA35C25BDD8E400DD63D3 /* Build configuration list for PBXNativeTarget "Auto Refresher-10.15" */;
			buildPhases = (
				DE3DA34825BDD8E200DD63D3 /* Sources */,
				DE3DA34925BDD8E200DD63D3 /* Frameworks */,
				DE3DA34A25BDD8E200DD63D3 /* Resources */,
			);
			buildRules = (
			);
			dependencies = (
			);
			name = "Auto Refresher-10.15";
			productName = "Auto Refresher-10.15";
			productReference = DE3DA34C25BDD8E200DD63D3 /* Auto Refresher-10.15.app */;
			productType = "com.apple.product-type.application";
		};
/* End PBXNativeTarget section */

/* Begin PBXProject section */
		9EEFD1D525B799BD006C416A /* Project object */ = {
			isa = PBXProject;
			attributes = {
				BuildIndependentTargetsInParallel = NO;
				LastSwiftUpdateCheck = 1230;
				LastUpgradeCheck = 1230;
				TargetAttributes = {
					9EEFD1DC25B799BE006C416A = {
						CreatedOnToolsVersion = 12.3;
					};
					DE3DA34B25BDD8E200DD63D3 = {
						CreatedOnToolsVersion = 12.3;
					};
				};
			};
			buildConfigurationList = 9EEFD1D825B799BD006C416A /* Build configuration list for PBXProject "Auto Refersher" */;
			compatibilityVersion = "Xcode 9.3";
			developmentRegion = en;
			hasScannedForEncodings = 0;
			knownRegions = (
				en,
				Base,
			);
			mainGroup = 9EEFD1D425B799BD006C416A;
			productRefGroup = 9EEFD1DE25B799BE006C416A /* Products */;
			projectDirPath = "";
			projectRoot = "";
			targets = (
				9EEFD1DC25B799BE006C416A /* Auto Refersher */,
				DE3DA34B25BDD8E200DD63D3 /* Auto Refresher-10.15 */,
			);
		};
/* End PBXProject section */

/* Begin PBXResourcesBuildPhase section */
		9EEFD1DB25B799BE006C416A /* Resources */ = {
			isa = PBXResourcesBuildPhase;
			buildActionMask = 2147483647;
			files = (
				9EEFD1E825B799D4006C416A /* Preview Assets.xcassets in Resources */,
				9EEFD1E525B799D4006C416A /* Assets.xcassets in Resources */,
			);
			runOnlyForDeploymentPostprocessing = 0;
		};
		DE3DA34A25BDD8E200DD63D3 /* Resources */ = {
			isa = PBXResourcesBuildPhase;
			buildActionMask = 2147483647;
			files = (
				DE3DA35925BDD8E400DD63D3 /* Main.storyboard in Resources */,
				9E7136FD25C0BE81002C8538 /* Assets.xcassets in Resources */,
			);
			runOnlyForDeploymentPostprocessing = 0;
		};
/* End PBXResourcesBuildPhase section */

/* Begin PBXSourcesBuildPhase section */
		9EEFD1D925B799BE006C416A /* Sources */ = {
			isa = PBXSourcesBuildPhase;
			buildActionMask = 2147483647;
			files = (
				DE3DA36C25BDD94C00DD63D3 /* RecursiveTextField.swift in Sources */,
				9E7136E625C0B678002C8538 /* ContentView.swift in Sources */,
				9EEFD1E125B799BE006C416A /* AutoRefersherApp.swift in Sources */,
			);
			runOnlyForDeploymentPostprocessing = 0;
		};
		DE3DA34825BDD8E200DD63D3 /* Sources */ = {
			isa = PBXSourcesBuildPhase;
			buildActionMask = 2147483647;
			files = (
				9E7136DE25C0B275002C8538 /* RecursiveTextField.swift in Sources */,
				9E7136EB25C0B6D4002C8538 /* ContentView.swift in Sources */,
				DE3DA34F25BDD8E300DD63D3 /* AppDelegate.swift in Sources */,
			);
			runOnlyForDeploymentPostprocessing = 0;
		};
/* End PBXSourcesBuildPhase section */

/* Begin PBXVariantGroup section */
		DE3DA35725BDD8E400DD63D3 /* Main.storyboard */ = {
			isa = PBXVariantGroup;
			children = (
				DE3DA35825BDD8E400DD63D3 /* Base */,
			);
			name = Main.storyboard;
			sourceTree = "<group>";
		};
/* End PBXVariantGroup section */

/* Begin XCBuildConfiguration section */
		9EEFD1EB25B799D4006C416A /* Debug */ = {
			isa = XCBuildConfiguration;
			buildSettings = {
				ALWAYS_SEARCH_USER_PATHS = NO;
				CLANG_ANALYZER_LOCALIZABILITY_NONLOCALIZED = YES;
				CLANG_ANALYZER_NONNULL = YES;
				CLANG_ANALYZER_NUMBER_OBJECT_CONVERSION = YES_AGGRESSIVE;
				CLANG_CXX_LANGUAGE_STANDARD = "gnu++14";
				CLANG_CXX_LIBRARY = "libc++";
				CLANG_ENABLE_MODULES = YES;
				CLANG_ENABLE_OBJC_ARC = YES;
				CLANG_ENABLE_OBJC_WEAK = YES;
				CLANG_WARN_BLOCK_CAPTURE_AUTORELEASING = YES;
				CLANG_WARN_BOOL_CONVERSION = YES;
				CLANG_WARN_COMMA = YES;
				CLANG_WARN_CONSTANT_CONVERSION = YES;
				CLANG_WARN_DEPRECATED_OBJC_IMPLEMENTATIONS = YES;
				CLANG_WARN_DIRECT_OBJC_ISA_USAGE = YES_ERROR;
				CLANG_WARN_DOCUMENTATION_COMMENTS = YES;
				CLANG_WARN_EMPTY_BODY = YES;
				CLANG_WARN_ENUM_CONVERSION = YES;
				CLANG_WARN_INFINITE_RECURSION = YES;
				CLANG_WARN_INT_CONVERSION = YES;
				CLANG_WARN_NON_LITERAL_NULL_CONVERSION = YES;
				CLANG_WARN_OBJC_IMPLICIT_RETAIN_SELF = YES;
				CLANG_WARN_OBJC_LITERAL_CONVERSION = YES;
				CLANG_WARN_OBJC_ROOT_CLASS = YES_ERROR;
				CLANG_WARN_QUOTED_INCLUDE_IN_FRAMEWORK_HEADER = YES;
				CLANG_WARN_RANGE_LOOP_ANALYSIS = YES;
				CLANG_WARN_STRICT_PROTOTYPES = YES;
				CLANG_WARN_SUSPICIOUS_MOVE = YES;
				CLANG_WARN_UNGUARDED_AVAILABILITY = YES_AGGRESSIVE;
				CLANG_WARN_UNREACHABLE_CODE = YES;
				CLANG_WARN__DUPLICATE_METHOD_MATCH = YES;
				COPY_PHASE_STRIP = NO;
				DEBUG_INFORMATION_FORMAT = dwarf;
				ENABLE_STRICT_OBJC_MSGSEND = YES;
				ENABLE_TESTABILITY = YES;
				GCC_C_LANGUAGE_STANDARD = gnu11;
				GCC_DYNAMIC_NO_PIC = NO;
				GCC_NO_COMMON_BLOCKS = YES;
				GCC_OPTIMIZATION_LEVEL = 0;
				GCC_PREPROCESSOR_DEFINITIONS = (
					"DEBUG=1",
					"$(inherited)",
				);
				GCC_WARN_64_TO_32_BIT_CONVERSION = YES;
				GCC_WARN_ABOUT_RETURN_TYPE = YES_ERROR;
				GCC_WARN_UNDECLARED_SELECTOR = YES;
				GCC_WARN_UNINITIALIZED_AUTOS = YES_AGGRESSIVE;
				GCC_WARN_UNUSED_FUNCTION = YES;
				GCC_WARN_UNUSED_VARIABLE = YES;
				MACOSX_DEPLOYMENT_TARGET = 10.15;
				MTL_ENABLE_DEBUG_INFO = INCLUDE_SOURCE;
				MTL_FAST_MATH = YES;
				ONLY_ACTIVE_ARCH = YES;
				SDKROOT = macosx;
				SWIFT_ACTIVE_COMPILATION_CONDITIONS = DEBUG;
				SWIFT_OPTIMIZATION_LEVEL = "-Onone";
			};
			name = Debug;
		};
		9EEFD1EC25B799D4006C416A /* Release */ = {
			isa = XCBuildConfiguration;
			buildSettings = {
				ALWAYS_SEARCH_USER_PATHS = NO;
				CLANG_ANALYZER_LOCALIZABILITY_NONLOCALIZED = YES;
				CLANG_ANALYZER_NONNULL = YES;
				CLANG_ANALYZER_NUMBER_OBJECT_CONVERSION = YES_AGGRESSIVE;
				CLANG_CXX_LANGUAGE_STANDARD = "gnu++14";
				CLANG_CXX_LIBRARY = "libc++";
				CLANG_ENABLE_MODULES = YES;
				CLANG_ENABLE_OBJC_ARC = YES;
				CLANG_ENABLE_OBJC_WEAK = YES;
				CLANG_WARN_BLOCK_CAPTURE_AUTORELEASING = YES;
				CLANG_WARN_BOOL_CONVERSION = YES;
				CLANG_WARN_COMMA = YES;
				CLANG_WARN_CONSTANT_CONVERSION = YES;
				CLANG_WARN_DEPRECATED_OBJC_IMPLEMENTATIONS = YES;
				CLANG_WARN_DIRECT_OBJC_ISA_USAGE = YES_ERROR;
				CLANG_WARN_DOCUMENTATION_COMMENTS = YES;
				CLANG_WARN_EMPTY_BODY = YES;
				CLANG_WARN_ENUM_CONVERSION = YES;
				CLANG_WARN_INFINITE_RECURSION = YES;
				CLANG_WARN_INT_CONVERSION = YES;
				CLANG_WARN_NON_LITERAL_NULL_CONVERSION = YES;
				CLANG_WARN_OBJC_IMPLICIT_RETAIN_SELF = YES;
				CLANG_WARN_OBJC_LITERAL_CONVERSION = YES;
				CLANG_WARN_OBJC_ROOT_CLASS = YES_ERROR;
				CLANG_WARN_QUOTED_INCLUDE_IN_FRAMEWORK_HEADER = YES;
				CLANG_WARN_RANGE_LOOP_ANALYSIS = YES;
				CLANG_WARN_STRICT_PROTOTYPES = YES;
				CLANG_WARN_SUSPICIOUS_MOVE = YES;
				CLANG_WARN_UNGUARDED_AVAILABILITY = YES_AGGRESSIVE;
				CLANG_WARN_UNREACHABLE_CODE = YES;
				CLANG_WARN__DUPLICATE_METHOD_MATCH = YES;
				COPY_PHASE_STRIP = NO;
				DEBUG_INFORMATION_FORMAT = "dwarf-with-dsym";
				ENABLE_NS_ASSERTIONS = NO;
				ENABLE_STRICT_OBJC_MSGSEND = YES;
				GCC_C_LANGUAGE_STANDARD = gnu11;
				GCC_NO_COMMON_BLOCKS = YES;
				GCC_WARN_64_TO_32_BIT_CONVERSION = YES;
				GCC_WARN_ABOUT_RETURN_TYPE = YES_ERROR;
				GCC_WARN_UNDECLARED_SELECTOR = YES;
				GCC_WARN_UNINITIALIZED_AUTOS = YES_AGGRESSIVE;
				GCC_WARN_UNUSED_FUNCTION = YES;
				GCC_WARN_UNUSED_VARIABLE = YES;
				MACOSX_DEPLOYMENT_TARGET = 10.15;
				MTL_ENABLE_DEBUG_INFO = NO;
				MTL_FAST_MATH = YES;
				SDKROOT = macosx;
				SWIFT_COMPILATION_MODE = wholemodule;
				SWIFT_OPTIMIZATION_LEVEL = "-O";
			};
			name = Release;
		};
		9EEFD1EE25B799D4006C416A /* Debug */ = {
			isa = XCBuildConfiguration;
			buildSettings = {
				ASSETCATALOG_COMPILER_APPICON_NAME = AppIcon;
				ASSETCATALOG_COMPILER_GLOBAL_ACCENT_COLOR_NAME = AccentColor;
				CODE_SIGN_ENTITLEMENTS = AutoRefersher/AutoRefersher.entitlements;
				CODE_SIGN_IDENTITY = "-";
				CODE_SIGN_STYLE = Automatic;
				COMBINE_HIDPI_IMAGES = YES;
				DEVELOPMENT_ASSET_PATHS = "\"AutoRefersher/Preview Content\"";
				ENABLE_PREVIEWS = YES;
				INFOPLIST_FILE = AutoRefersher/Info.plist;
				LD_RUNPATH_SEARCH_PATHS = (
					"$(inherited)",
					"@executable_path/../Frameworks",
				);
				MACOSX_DEPLOYMENT_TARGET = 11.0;
				MARKETING_VERSION = 0.9.3;
				PRODUCT_BUNDLE_IDENTIFIER = Ranoiaetep.AutoRefersher;
				PRODUCT_NAME = "$(TARGET_NAME)";
				SWIFT_VERSION = 5.0;
			};
			name = Debug;
		};
		9EEFD1EF25B799D4006C416A /* Release */ = {
			isa = XCBuildConfiguration;
			buildSettings = {
				ASSETCATALOG_COMPILER_APPICON_NAME = AppIcon;
				ASSETCATALOG_COMPILER_GLOBAL_ACCENT_COLOR_NAME = AccentColor;
				CODE_SIGN_ENTITLEMENTS = AutoRefersher/AutoRefersher.entitlements;
				CODE_SIGN_IDENTITY = "-";
				CODE_SIGN_STYLE = Automatic;
				COMBINE_HIDPI_IMAGES = YES;
				DEVELOPMENT_ASSET_PATHS = "\"AutoRefersher/Preview Content\"";
				ENABLE_PREVIEWS = YES;
				INFOPLIST_FILE = AutoRefersher/Info.plist;
				LD_RUNPATH_SEARCH_PATHS = (
					"$(inherited)",
					"@executable_path/../Frameworks",
				);
				MACOSX_DEPLOYMENT_TARGET = 11.0;
				MARKETING_VERSION = 0.9.3;
				PRODUCT_BUNDLE_IDENTIFIER = Ranoiaetep.AutoRefersher;
				PRODUCT_NAME = "$(TARGET_NAME)";
				SWIFT_VERSION = 5.0;
			};
			name = Release;
		};
		DE3DA35D25BDD8E400DD63D3 /* Debug */ = {
			isa = XCBuildConfiguration;
			buildSettings = {
				ASSETCATALOG_COMPILER_APPICON_NAME = AppIcon;
				ASSETCATALOG_COMPILER_GLOBAL_ACCENT_COLOR_NAME = AccentColor;
				CODE_SIGN_ENTITLEMENTS = "Auto Refresher-10.15/Auto_Refresher_10_15.entitlements";
				CODE_SIGN_STYLE = Automatic;
				COMBINE_HIDPI_IMAGES = YES;
				DEVELOPMENT_ASSET_PATHS = "\"Auto Refresher-10.15/Preview Content\"";
				DEVELOPMENT_TEAM = "";
				ENABLE_HARDENED_RUNTIME = YES;
				ENABLE_PREVIEWS = YES;
				INFOPLIST_FILE = "Auto Refresher-10.15/Info.plist";
				LD_RUNPATH_SEARCH_PATHS = (
					"$(inherited)",
					"@executable_path/../Frameworks",
				);
				MACOSX_DEPLOYMENT_TARGET = 10.15;
				MARKETING_VERSION = 0.9.3;
				PRODUCT_BUNDLE_IDENTIFIER = "Peter.Auto-Refresher-10-15";
				PRODUCT_NAME = "$(TARGET_NAME)";
				SWIFT_VERSION = 5.0;
			};
			name = Debug;
		};
		DE3DA35E25BDD8E400DD63D3 /* Release */ = {
			isa = XCBuildConfiguration;
			buildSettings = {
				ASSETCATALOG_COMPILER_APPICON_NAME = AppIcon;
				ASSETCATALOG_COMPILER_GLOBAL_ACCENT_COLOR_NAME = AccentColor;
				CODE_SIGN_ENTITLEMENTS = "Auto Refresher-10.15/Auto_Refresher_10_15.entitlements";
				CODE_SIGN_STYLE = Automatic;
				COMBINE_HIDPI_IMAGES = YES;
				DEVELOPMENT_ASSET_PATHS = "\"Auto Refresher-10.15/Preview Content\"";
				DEVELOPMENT_TEAM = "";
				ENABLE_HARDENED_RUNTIME = YES;
				ENABLE_PREVIEWS = YES;
				INFOPLIST_FILE = "Auto Refresher-10.15/Info.plist";
				LD_RUNPATH_SEARCH_PATHS = (
					"$(inherited)",
					"@executable_path/../Frameworks",
				);
				MACOSX_DEPLOYMENT_TARGET = 10.15;
				MARKETING_VERSION = 0.9.3;
				PRODUCT_BUNDLE_IDENTIFIER = "Peter.Auto-Refresher-10-15";
				PRODUCT_NAME = "$(TARGET_NAME)";
				SWIFT_VERSION = 5.0;
			};
			name = Release;
		};
/* End XCBuildConfiguration section */

/* Begin XCConfigurationList section */
		9EEFD1D825B799BD006C416A /* Build configuration list for PBXProject "Auto Refersher" */ = {
			isa = XCConfigurationList;
			buildConfigurations = (
				9EEFD1EB25B799D4006C416A /* Debug */,
				9EEFD1EC25B799D4006C416A /* Release */,
			);
			defaultConfigurationIsVisible = 0;
			defaultConfigurationName = Release;
		};
		9EEFD1ED25B799D4006C416A /* Build configuration list for PBXNativeTarget "Auto Refersher" */ = {
			isa = XCConfigurationList;
			buildConfigurations = (
				9EEFD1EE25B799D4006C416A /* Debug */,
				9EEFD1EF25B799D4006C416A /* Release */,
			);
			defaultConfigurationIsVisible = 0;
			defaultConfigurationName = Release;
		};
		DE3DA35C25BDD8E400DD63D3 /* Build configuration list for PBXNativeTarget "Auto Refresher-10.15" */ = {
			isa = XCConfigurationList;
			buildConfigurations = (
				DE3DA35D25BDD8E400DD63D3 /* Debug */,
				DE3DA35E25BDD8E400DD63D3 /* Release */,
			);
			defaultConfigurationIsVisible = 0;
			defaultConfigurationName = Release;
		};
/* End XCConfigurationList section */
	};
	rootObject = 9EEFD1D525B799BD006C416A /* Project object */;
}
